
Microsoft Visual Studio Solution File, Format Version 12.00
# Visual Studio Version 16
VisualStudioVersion = 16.0.30523.141
MinimumVisualStudioVersion = 10.0.40219.1
Project("{9A19103F-16F7-4668-BE54-9A1E7A4F7556}") = "InterviewQuestions", "InterviewQuestions\InterviewQuestions.csproj", "{8F7843A5-EE9F-496B-9AFF-B11ADF541762}"
EndProject
Project("{9A19103F-16F7-4668-BE54-9A1E7A4F7556}") = "UnitTests", "UnitTests\UnitTests.csproj", "{7FA22148-8192-4587-BD0C-119B6373ED9A}"
EndProject
Global
	GlobalSection(SolutionConfigurationPlatforms) = preSolution
		Debug|Any CPU = Debug|Any CPU
		Release|Any CPU = Release|Any CPU
	EndGlobalSection
	GlobalSection(ProjectConfigurationPlatforms) = postSolution
		{8F7843A5-EE9F-496B-9AFF-B11ADF541762}.Debug|Any CPU.ActiveCfg = Debug|Any CPU
		{8F7843A5-EE9F-496B-9AFF-B11ADF541762}.Debug|Any CPU.Build.0 = Debug|Any CPU
		{8F7843A5-EE9F-496B-9AFF-B11ADF541762}.Release|Any CPU.ActiveCfg = Release|Any CPU
		{8F7843A5-EE9F-496B-9AFF-B11ADF541762}.Release|Any CPU.Build.0 = Release|Any CPU
		{7FA22148-8192-4587-BD0C-119B6373ED9A}.Debug|Any CPU.ActiveCfg = Debug|Any CPU
		{7FA22148-8192-4587-BD0C-119B6373ED9A}.Debug|Any CPU.Build.0 = Debug|Any CPU
		{7FA22148-8192-4587-BD0C-119B6373ED9A}.Release|Any CPU.ActiveCfg = Release|Any CPU
		{7FA22148-8192-4587-BD0C-119B6373ED9A}.Release|Any CPU.Build.0 = Release|Any CPU
	EndGlobalSection
	GlobalSection(SolutionProperties) = preSolution
		HideSolutionNode = FALSE
	EndGlobalSection
	GlobalSection(ExtensibilityGlobals) = postSolution
		SolutionGuid = {2043DC4E-73BD-4A51-8880-7F709C5C21F2}
	EndGlobalSection
EndGlobal
